schema: '2.0'
stages:
  discover:
    cmd: uv run python scripts/catalog_istex.py --api && uv run python 
      scripts/catalog_openalex.py --resume && uv run python 
      scripts/catalog_semanticscholar.py --resume && uv run python 
      scripts/catalog_grey.py && uv run python scripts/build_teaching_canon.py 
      && uv run python scripts/catalog_merge.py
    deps:
    - path: config/grey_sources.yaml
      hash: md5
      md5: 393a35715ea920e54fd25500987a9642
      size: 3086
    - path: config/openalex_queries.yaml
      hash: md5
      md5: cdefd461c2a2997fe78778152d0bb881
      size: 4304
    - path: config/teaching_sources.yaml
      hash: md5
      md5: a7ae55e3cf67e25eb2c86784fb31745a
      size: 23943
    - path: data/catalogs/bibcnrs_works.csv
      hash: md5
      md5: aad79a049076761e7943646c5e732feb
      size: 53677
    - path: data/catalogs/scispsace_works.csv
      hash: md5
      md5: 21be3cfd3e0947eb03385134f1826e14
      size: 1060524
    - path: scripts/build_teaching_canon.py
      hash: md5
      md5: bc70a02b282dcee5acf0e9b02cad0f97
      size: 3516
    - path: scripts/catalog_grey.py
      hash: md5
      md5: f424528ace5727d862260966ae76ca44
      size: 5940
    - path: scripts/catalog_istex.py
      hash: md5
      md5: fa970dc29fca83ba5228ea098d3dcc84
      size: 7722
    - path: scripts/catalog_merge.py
      hash: md5
      md5: be98e426bd1210a5a0993830c415766e
      size: 5172
    - path: scripts/catalog_openalex.py
      hash: md5
      md5: 0db4c05f9a9d88a58dccdbc017307fb2
      size: 12521
    - path: scripts/catalog_semanticscholar.py
      hash: md5
      md5: c6e51b548744839b8f9673baa77a605b
      size: 10024
    - path: scripts/utils.py
      hash: md5
      md5: 44f58019945703d49871b73cd96b0c6d
      size: 20438
    outs:
    - path: data/catalogs/grey_works.csv
      hash: md5
      md5: 65225fd373f92d9b9366fefc89c4a998
      size: 425736
    - path: data/catalogs/istex_refs.csv
      hash: md5
      md5: 192b0a20602d05038c97707501911453
      size: 16203896
    - path: data/catalogs/istex_works.csv
      hash: md5
      md5: 5ef315ccb2f5e433683421c95f0ba3df
      size: 1659302
    - path: data/catalogs/openalex_citations.csv
      hash: md5
      md5: 0628392a2758e19bcf4d453ceae177b2
      size: 43665648
    - path: data/catalogs/openalex_works.csv
      hash: md5
      md5: 29e9c92eeb0bde415eef8500e871ac36
      size: 64321586
    - path: data/catalogs/teaching_works.csv
      hash: md5
      md5: 693f649c75438935123dd2b80e9114e2
      size: 4699
    - path: data/catalogs/unified_works.csv
      hash: md5
      md5: 7cd913d64c6ba787d35db5bb61a3c237
      size: 69123988
  enrich:
    cmd: "uv run python scripts/qa_detect_type.py --apply && uv run python scripts/enrich_dois.py\n\
      \  --works-input data/catalogs/unified_works.csv\n  --works-output data/catalogs/enriched_works.csv
      &&\nuv run python scripts/enrich_abstracts.py\n  --works-input data/catalogs/enriched_works.csv
      &&\nuv run python scripts/enrich_citations_batch.py\n  --works-input data/catalogs/enriched_works.csv
      &&\nuv run python scripts/enrich_citations_openalex.py\n  --works-input data/catalogs/enriched_works.csv
      &&\nuv run python scripts/qc_citations.py\n  --works-input data/catalogs/enriched_works.csv
      &&\nuv run python scripts/analyze_embeddings.py\n  --works-input data/catalogs/enriched_works.csv"
    deps:
    - path: data/catalogs/unified_works.csv
      hash: md5
      md5: 7cd913d64c6ba787d35db5bb61a3c237
      size: 69123988
    - path: scripts/analyze_embeddings.py
      hash: md5
      md5: a6a7be768967dc1cf3fb1c1fad918e2b
      size: 14761
    - path: scripts/enrich_abstracts.py
      hash: md5
      md5: 5bd42aea79ad24539df16c8c13b537cf
      size: 19031
    - path: scripts/enrich_citations_batch.py
      hash: md5
      md5: 362410159d6740a478d75e3d1a65bc72
      size: 12867
    - path: scripts/enrich_citations_openalex.py
      hash: md5
      md5: bd424f2b1d62bf02988abab2f9011280
      size: 18937
    - path: scripts/enrich_dois.py
      hash: md5
      md5: eba13dc70aeb428a8391f06014f9b58f
      size: 6942
    - path: scripts/qa_detect_type.py
      hash: md5
      md5: 18730bb9cc84d2b91c1e20ee2f796be9
      size: 8135
    - path: scripts/qc_citations.py
      hash: md5
      md5: d02b079bb6f9129f4d91b1a39310327e
      size: 10187
    - path: scripts/utils.py
      hash: md5
      md5: 44f58019945703d49871b73cd96b0c6d
      size: 20438
    outs:
    - path: data/catalogs/citations.csv
      hash: md5
      md5: b575a855a9e3d5c2829f893170861448
      size: 300524838
    - path: data/catalogs/embeddings.npz
      hash: md5
      md5: b5e6a31c36c1cafd74711ac04b5f7bb5
      size: 48790249
    - path: data/catalogs/enriched_works.csv
      hash: md5
      md5: 3a40f5cb52b62caacbc6d34859b24d98
      size: 68988609
  extend:
    cmd: uv run python scripts/corpus_refine.py --extend --works-input 
      data/catalogs/enriched_works.csv --works-output 
      data/catalogs/extended_works.csv
    deps:
    - path: config/corpus_refine.yaml
      hash: md5
      md5: 610790841a11bd82cd6a49d1e22864f7
      size: 3594
    - path: data/catalogs/enriched_works.csv
      hash: md5
      md5: 8bf2cceb3f59d609edf0ce3d440bb806
      size: 94075318
    - path: scripts/corpus_refine.py
      hash: md5
      md5: 7adcda0acd677205140e034752b259db
      size: 23272
    - path: scripts/refine_flags.py
      hash: md5
      md5: 8c13642a6b93c6d3d144ff16aafa6aa9
      size: 25511
    - path: scripts/utils.py
      hash: md5
      md5: a2dab5d75efe3b899997c077792e0e3b
      size: 21854
    outs:
    - path: data/catalogs/extended_works.csv
      hash: md5
      md5: ecfc1b2562d361430af594c0769ce061
      size: 97096538
  filter:
    cmd: uv run python scripts/corpus_refine.py --filter --works-input 
      data/catalogs/extended_works.csv --works-output 
      data/catalogs/refined_works.csv
    deps:
    - path: config/corpus_refine.yaml
      hash: md5
      md5: 610790841a11bd82cd6a49d1e22864f7
      size: 3594
    - path: data/catalogs/extended_works.csv
      hash: md5
      md5: ecfc1b2562d361430af594c0769ce061
      size: 97096538
    - path: scripts/corpus_refine.py
      hash: md5
      md5: 7adcda0acd677205140e034752b259db
      size: 23272
    - path: scripts/refine_flags.py
      hash: md5
      md5: 8c13642a6b93c6d3d144ff16aafa6aa9
      size: 25511
    - path: scripts/utils.py
      hash: md5
      md5: a2dab5d75efe3b899997c077792e0e3b
      size: 21854
    outs:
    - path: data/catalogs/corpus_audit.csv
      hash: md5
      md5: 42370c65055aa0feeeaf985904ed79b9
      size: 7065119
    - path: data/catalogs/refined_works.csv
      hash: md5
      md5: e82ed8edcc5b4a038c504a684e88eabf
      size: 72209577
  align:
    cmd: uv run python scripts/corpus_align.py
    deps:
    - path: data/catalogs/citations.csv
      hash: md5
      md5: 557e10fedc4effefecb7dd93fa0ec2bb
      size: 374793403
    - path: data/catalogs/embeddings.npz
      hash: md5
      md5: 288f01223a3d1028ad1e912e2192879d
      size: 64711807
    - path: data/catalogs/refined_works.csv
      hash: md5
      md5: e82ed8edcc5b4a038c504a684e88eabf
      size: 72209577
    - path: scripts/corpus_align.py
      hash: md5
      md5: 49269390da0cb389f991fd66fcbb57b5
      size: 9118
    - path: scripts/utils.py
      hash: md5
      md5: a2dab5d75efe3b899997c077792e0e3b
      size: 21854
    outs:
    - path: data/catalogs/refined_citations.csv
      hash: md5
      md5: 9300b57b13a1d9345169d882eb43e288
      size: 317561401
    - path: data/catalogs/refined_embeddings.npz
      hash: md5
      md5: 880c013ab7a16a1c68a30d4a02df3427
      size: 47259280
  catalog_bibcnrs:
    cmd: uv run python scripts/catalog_bibcnrs.py
    deps:
    - path: data/exports
      hash: md5
      md5: e4ee27a6fea54a81bf590ee04a1c12ae.dir
      size: 154608
      nfiles: 5
    - path: scripts/catalog_bibcnrs.py
      hash: md5
      md5: a7116905cd758ad8458ba7830ddf8d68
      size: 6221
    - path: scripts/utils.py
      hash: md5
      md5: a2dab5d75efe3b899997c077792e0e3b
      size: 21854
    outs:
    - path: data/catalogs/bibcnrs_works.csv
      hash: md5
      md5: 6554776833bfd8ca589a0e71ec6cffd5
      size: 53677
  catalog_teaching:
    cmd: uv run python scripts/build_teaching_yaml.py && uv run python 
      scripts/build_teaching_canon.py
    deps:
    - path: data/syllabi
      hash: md5
      md5: 772e7f23804efa03bf305a5a263a2309.dir
      size: 146430644
      nfiles: 87
    - path: scripts/build_teaching_canon.py
      hash: md5
      md5: be6bcec1ce530716dd1b0509b59a0efc
      size: 3594
    - path: scripts/build_teaching_yaml.py
      hash: md5
      md5: 72bd70a2f783e8cd214ff7799159a3dc
      size: 11666
    - path: scripts/utils.py
      hash: md5
      md5: a2dab5d75efe3b899997c077792e0e3b
      size: 21854
    outs:
    - path: data/catalogs/teaching_works.csv
      hash: md5
      md5: 31bb49a1978359742efd0bc583a7c9ca
      size: 2258
  catalog_istex:
    cmd: uv run python scripts/catalog_istex.py --api
    deps:
    - path: scripts/catalog_istex.py
      hash: md5
      md5: 14af531d10d3146651fcc5003d9fc487
      size: 7810
    - path: scripts/utils.py
      hash: md5
      md5: a2dab5d75efe3b899997c077792e0e3b
      size: 21854
    outs:
    - path: data/catalogs/istex_refs.csv
      hash: md5
      md5: c5a37bab610872fab540893ffe947104
      size: 16157853
    - path: data/catalogs/istex_works.csv
      hash: md5
      md5: 34e4478c89e8e45a793941cad2269404
      size: 1658486
  catalog_openalex:
    cmd: uv run python scripts/catalog_openalex.py --resume
    deps:
    - path: config/openalex_queries.yaml
      hash: md5
      md5: 4af44e7be58bd50103e5c8caf7bf65fe
      size: 4690
    - path: scripts/catalog_openalex.py
      hash: md5
      md5: ea08f9ba477d7fb2b306cba07c223341
      size: 19339
    - path: scripts/utils.py
      hash: md5
      md5: a2dab5d75efe3b899997c077792e0e3b
      size: 21854
    outs:
    - path: data/catalogs/openalex_citations.csv
      hash: md5
      md5: 2caa24e9ba37668dfa5a02a8d10b48d0
      size: 57628888
    - path: data/catalogs/openalex_works.csv
      hash: md5
      md5: 43d8bbbd8b50e8b1c83d88530bf3cbe4
      size: 89046542
  catalog_grey:
    cmd: uv run python scripts/catalog_grey.py
    deps:
    - path: config/grey_sources.yaml
      hash: md5
      md5: 393a35715ea920e54fd25500987a9642
      size: 3086
    - path: scripts/catalog_grey.py
      hash: md5
      md5: 98540d071ffbbd0147242a49377fdd7e
      size: 6037
    - path: scripts/utils.py
      hash: md5
      md5: a2dab5d75efe3b899997c077792e0e3b
      size: 21854
    outs:
    - path: data/catalogs/grey_works.csv
      hash: md5
      md5: 75c22cf250697e37f0676f02d26ee994
      size: 419669
  catalog_merge:
    cmd: uv run python scripts/catalog_merge.py
    deps:
    - path: data/catalogs/bibcnrs_works.csv
      hash: md5
      md5: 6554776833bfd8ca589a0e71ec6cffd5
      size: 53677
    - path: data/catalogs/grey_works.csv
      hash: md5
      md5: 75c22cf250697e37f0676f02d26ee994
      size: 419669
    - path: data/catalogs/istex_works.csv
      hash: md5
      md5: 34e4478c89e8e45a793941cad2269404
      size: 1658486
    - path: data/catalogs/openalex_works.csv
      hash: md5
      md5: 43d8bbbd8b50e8b1c83d88530bf3cbe4
      size: 89046542
    - path: data/catalogs/scispsace_works.csv
      hash: md5
      md5: 21be3cfd3e0947eb03385134f1826e14
      size: 1060524
    - path: data/catalogs/teaching_works.csv
      hash: md5
      md5: 31bb49a1978359742efd0bc583a7c9ca
      size: 2258
    - path: scripts/catalog_merge.py
      hash: md5
      md5: 11aecb54bcd6755fdacd1b199f74a2e0
      size: 6652
    - path: scripts/utils.py
      hash: md5
      md5: a2dab5d75efe3b899997c077792e0e3b
      size: 21854
    outs:
    - path: data/catalogs/unified_works.csv
      hash: md5
      md5: a130760141573067ab3f362419297a9c
      size: 91762497
  enrich_works:
    cmd: uv run python scripts/enrich_dois.py --works-input 
      data/catalogs/unified_works.csv --works-output 
      data/catalogs/enriched_works.csv && uv run python 
      scripts/enrich_abstracts.py --works-input data/catalogs/enriched_works.csv
    deps:
    - path: data/catalogs/unified_works.csv
      hash: md5
      md5: a130760141573067ab3f362419297a9c
      size: 91762497
    - path: scripts/enrich_abstracts.py
      hash: md5
      md5: edd0ee6b97e601f6d02aef1d509173e9
      size: 19136
    - path: scripts/enrich_dois.py
      hash: md5
      md5: 19276ddcc2c314ce6fb62694a24d3717
      size: 7245
    - path: scripts/utils.py
      hash: md5
      md5: a2dab5d75efe3b899997c077792e0e3b
      size: 21854
    outs:
    - path: data/catalogs/enriched_works.csv
      hash: md5
      md5: 8bf2cceb3f59d609edf0ce3d440bb806
      size: 94075318
  enrich_citations:
    cmd: uv run python scripts/enrich_citations_batch.py --works-input 
      data/catalogs/enriched_works.csv && uv run python 
      scripts/enrich_citations_openalex.py --works-input 
      data/catalogs/enriched_works.csv
    deps:
    - path: data/catalogs/enriched_works.csv
      hash: md5
      md5: 8bf2cceb3f59d609edf0ce3d440bb806
      size: 94075318
    - path: scripts/enrich_citations_batch.py
      hash: md5
      md5: 87d16e02360de151f149360ed2f9aedf
      size: 12376
    - path: scripts/enrich_citations_openalex.py
      hash: md5
      md5: cb6726379bafe731f8dd6319f910b07d
      size: 18556
    - path: scripts/utils.py
      hash: md5
      md5: a2dab5d75efe3b899997c077792e0e3b
      size: 21854
    outs:
    - path: data/catalogs/citations.csv
      hash: md5
      md5: 557e10fedc4effefecb7dd93fa0ec2bb
      size: 374793403
  qc_citations:
    cmd: uv run python scripts/qc_citations.py --works-input 
      data/catalogs/enriched_works.csv
    deps:
    - path: data/catalogs/citations.csv
      hash: md5
      md5: 557e10fedc4effefecb7dd93fa0ec2bb
      size: 374793403
    - path: data/catalogs/enriched_works.csv
      hash: md5
      md5: 8bf2cceb3f59d609edf0ce3d440bb806
      size: 94075318
    - path: scripts/qc_citations.py
      hash: md5
      md5: 4e9e00fc222aa0f3bc3e6e58891c5a5f
      size: 10036
    - path: scripts/utils.py
      hash: md5
      md5: a2dab5d75efe3b899997c077792e0e3b
      size: 21854
  enrich_embeddings:
    cmd: uv run python scripts/analyze_embeddings.py --works-input 
      data/catalogs/enriched_works.csv
    deps:
    - path: data/catalogs/enriched_works.csv
      hash: md5
      md5: 8bf2cceb3f59d609edf0ce3d440bb806
      size: 94075318
    - path: scripts/analyze_embeddings.py
      hash: md5
      md5: 1dbb582fde2230d28afcba433e8f52a7
      size: 14828
    - path: scripts/utils.py
      hash: md5
      md5: a2dab5d75efe3b899997c077792e0e3b
      size: 21854
    outs:
    - path: data/catalogs/embeddings.npz
      hash: md5
      md5: 288f01223a3d1028ad1e912e2192879d
      size: 64711807
