schema: '2.0'
stages:
  discover:
    cmd: uv run python scripts/catalog_istex.py --api && uv run python 
      scripts/catalog_openalex.py --resume && uv run python 
      scripts/catalog_semanticscholar.py --resume && uv run python 
      scripts/catalog_grey.py && uv run python scripts/build_teaching_canon.py 
      && uv run python scripts/catalog_merge.py
    deps:
    - path: config/grey_sources.yaml
      hash: md5
      md5: 393a35715ea920e54fd25500987a9642
      size: 3086
    - path: config/openalex_queries.yaml
      hash: md5
      md5: cdefd461c2a2997fe78778152d0bb881
      size: 4304
    - path: config/teaching_sources.yaml
      hash: md5
      md5: a7ae55e3cf67e25eb2c86784fb31745a
      size: 23943
    - path: data/catalogs/bibcnrs_works.csv
      hash: md5
      md5: aad79a049076761e7943646c5e732feb
      size: 53677
    - path: data/catalogs/scispace_works.csv
      hash: md5
      md5: 21be3cfd3e0947eb03385134f1826e14
      size: 1060524
    - path: scripts/build_teaching_canon.py
      hash: md5
      md5: bc70a02b282dcee5acf0e9b02cad0f97
      size: 3516
    - path: scripts/catalog_grey.py
      hash: md5
      md5: f424528ace5727d862260966ae76ca44
      size: 5940
    - path: scripts/catalog_istex.py
      hash: md5
      md5: fa970dc29fca83ba5228ea098d3dcc84
      size: 7722
    - path: scripts/catalog_merge.py
      hash: md5
      md5: be98e426bd1210a5a0993830c415766e
      size: 5172
    - path: scripts/catalog_openalex.py
      hash: md5
      md5: 0db4c05f9a9d88a58dccdbc017307fb2
      size: 12521
    - path: scripts/catalog_semanticscholar.py
      hash: md5
      md5: c6e51b548744839b8f9673baa77a605b
      size: 10024
    - path: scripts/utils.py
      hash: md5
      md5: 44f58019945703d49871b73cd96b0c6d
      size: 20438
    outs:
    - path: data/catalogs/grey_works.csv
      hash: md5
      md5: 65225fd373f92d9b9366fefc89c4a998
      size: 425736
    - path: data/catalogs/istex_refs.csv
      hash: md5
      md5: 192b0a20602d05038c97707501911453
      size: 16203896
    - path: data/catalogs/istex_works.csv
      hash: md5
      md5: 5ef315ccb2f5e433683421c95f0ba3df
      size: 1659302
    - path: data/catalogs/openalex_citations.csv
      hash: md5
      md5: 0628392a2758e19bcf4d453ceae177b2
      size: 43665648
    - path: data/catalogs/openalex_works.csv
      hash: md5
      md5: 29e9c92eeb0bde415eef8500e871ac36
      size: 64321586
    - path: data/catalogs/teaching_works.csv
      hash: md5
      md5: 693f649c75438935123dd2b80e9114e2
      size: 4699
    - path: data/catalogs/unified_works.csv
      hash: md5
      md5: 7cd913d64c6ba787d35db5bb61a3c237
      size: 69123988
  enrich:
    cmd: "uv run python scripts/qa_detect_type.py --apply && uv run python scripts/enrich_dois.py\n\
      \  --works-input data/catalogs/unified_works.csv\n  --works-output data/catalogs/enriched_works.csv
      &&\nuv run python scripts/enrich_abstracts.py\n  --works-input data/catalogs/enriched_works.csv
      &&\nuv run python scripts/enrich_citations_batch.py\n  --works-input data/catalogs/enriched_works.csv
      &&\nuv run python scripts/enrich_citations_openalex.py\n  --works-input data/catalogs/enriched_works.csv
      &&\nuv run python scripts/qc_citations.py\n  --works-input data/catalogs/enriched_works.csv
      &&\nuv run python scripts/analyze_embeddings.py\n  --works-input data/catalogs/enriched_works.csv"
    deps:
    - path: data/catalogs/unified_works.csv
      hash: md5
      md5: 7cd913d64c6ba787d35db5bb61a3c237
      size: 69123988
    - path: scripts/analyze_embeddings.py
      hash: md5
      md5: a6a7be768967dc1cf3fb1c1fad918e2b
      size: 14761
    - path: scripts/enrich_abstracts.py
      hash: md5
      md5: 5bd42aea79ad24539df16c8c13b537cf
      size: 19031
    - path: scripts/enrich_citations_batch.py
      hash: md5
      md5: 362410159d6740a478d75e3d1a65bc72
      size: 12867
    - path: scripts/enrich_citations_openalex.py
      hash: md5
      md5: bd424f2b1d62bf02988abab2f9011280
      size: 18937
    - path: scripts/enrich_dois.py
      hash: md5
      md5: eba13dc70aeb428a8391f06014f9b58f
      size: 6942
    - path: scripts/qa_detect_type.py
      hash: md5
      md5: 18730bb9cc84d2b91c1e20ee2f796be9
      size: 8135
    - path: scripts/qc_citations.py
      hash: md5
      md5: d02b079bb6f9129f4d91b1a39310327e
      size: 10187
    - path: scripts/utils.py
      hash: md5
      md5: 44f58019945703d49871b73cd96b0c6d
      size: 20438
    outs:
    - path: data/catalogs/citations.csv
      hash: md5
      md5: b575a855a9e3d5c2829f893170861448
      size: 300524838
    - path: data/catalogs/embeddings.npz
      hash: md5
      md5: b5e6a31c36c1cafd74711ac04b5f7bb5
      size: 48790249
    - path: data/catalogs/enriched_works.csv
      hash: md5
      md5: 3a40f5cb52b62caacbc6d34859b24d98
      size: 68988609
  extend:
    cmd: uv run python scripts/corpus_filter.py --extend --works-input 
      data/catalogs/enriched_works.csv --works-output 
      data/catalogs/extended_works.csv
    deps:
    - path: config/corpus_filter.yaml
      hash: md5
      md5: 27263459d8b17d98a634137ad3a69541
      size: 3822
    - path: data/catalogs/enriched_works.csv
      hash: md5
      md5: 290fa20a48c6a942ebea8d73228308c5
      size: 80980579
    - path: scripts/corpus_filter.py
      hash: md5
      md5: 423cd012c698e65b541ece949ee8d35c
      size: 26823
    - path: scripts/filter_flags.py
      hash: md5
      md5: 037fef728e47e22203be6b6291192590
      size: 25598
    - path: scripts/pipeline_io.py
      hash: md5
      md5: e63543ba0f183f805081a6c97df3e1ae
      size: 16788
    - path: scripts/pipeline_loaders.py
      hash: md5
      md5: b527ae1b0ed524615b215f7b26035329
      size: 14120
    - path: scripts/pipeline_progress.py
      hash: md5
      md5: f72111bce6dc8b97f918f7c976c6e012
      size: 10283
    - path: scripts/pipeline_text.py
      hash: md5
      md5: aa37b4857bc11535a71e3e664bc56dc0
      size: 10480
    - path: scripts/utils.py
      hash: md5
      md5: 0d1955dc7d7113704407ca24c4926504
      size: 5191
    outs:
    - path: data/catalogs/extended_works.csv
      hash: md5
      md5: 9a5e49a0366d9a8d67e72ac349c3a479
      size: 83745264
  filter:
    cmd: uv run python scripts/corpus_filter.py --filter --works-input 
      data/catalogs/extended_works.csv --works-output 
      data/catalogs/refined_works.csv
    deps:
    - path: config/corpus_filter.yaml
      hash: md5
      md5: 27263459d8b17d98a634137ad3a69541
      size: 3822
    - path: config/v1_identifiers.txt.gz
      hash: md5
      md5: dbe033ea6935eec5d4f379fb3484a2eb
      size: 186713
    - path: data/catalogs/extended_works.csv
      hash: md5
      md5: 9a5e49a0366d9a8d67e72ac349c3a479
      size: 83745264
    - path: scripts/corpus_filter.py
      hash: md5
      md5: 423cd012c698e65b541ece949ee8d35c
      size: 26823
    - path: scripts/filter_flags.py
      hash: md5
      md5: 037fef728e47e22203be6b6291192590
      size: 25598
    - path: scripts/pipeline_io.py
      hash: md5
      md5: e63543ba0f183f805081a6c97df3e1ae
      size: 16788
    - path: scripts/pipeline_loaders.py
      hash: md5
      md5: b527ae1b0ed524615b215f7b26035329
      size: 14120
    - path: scripts/pipeline_progress.py
      hash: md5
      md5: f72111bce6dc8b97f918f7c976c6e012
      size: 10283
    - path: scripts/pipeline_text.py
      hash: md5
      md5: aa37b4857bc11535a71e3e664bc56dc0
      size: 10480
    - path: scripts/utils.py
      hash: md5
      md5: 0d1955dc7d7113704407ca24c4926504
      size: 5191
    outs:
    - path: data/catalogs/corpus_audit.csv
      hash: md5
      md5: 760efb51298e67b05e6b777af2ba256f
      size: 6293910
    - path: data/catalogs/refined_works.csv
      hash: md5
      md5: 4ac5a28944840cc042a56f6ecc35fc80
      size: 62146324
  align:
    cmd: uv run python scripts/corpus_align.py
    deps:
    - path: data/catalogs/citations.csv
      hash: md5
      md5: 424e517bde64b3fa624f58f53fbdd58b
      size: 386096856
    - path: data/catalogs/embeddings.npz
      hash: md5
      md5: 984378dde1ce71775e076ed209e55def
      size: 93113811
    - path: data/catalogs/refined_works.csv
      hash: md5
      md5: 4ac5a28944840cc042a56f6ecc35fc80
      size: 62146324
    - path: scripts/corpus_align.py
      hash: md5
      md5: d947f737be752ad28c114f853fe4f5af
      size: 9231
    - path: scripts/pipeline_io.py
      hash: md5
      md5: e63543ba0f183f805081a6c97df3e1ae
      size: 16788
    - path: scripts/pipeline_loaders.py
      hash: md5
      md5: b527ae1b0ed524615b215f7b26035329
      size: 14120
    - path: scripts/pipeline_progress.py
      hash: md5
      md5: f72111bce6dc8b97f918f7c976c6e012
      size: 10283
    - path: scripts/pipeline_text.py
      hash: md5
      md5: aa37b4857bc11535a71e3e664bc56dc0
      size: 10480
    - path: scripts/utils.py
      hash: md5
      md5: 0d1955dc7d7113704407ca24c4926504
      size: 5191
    outs:
    - path: data/catalogs/refined_citations.csv
      hash: md5
      md5: 1fc51fbcccce5d807583f33df02d1915
      size: 332795338
    - path: data/catalogs/refined_embeddings.npz
      hash: md5
      md5: ecfaf7075c725409d11633c2d9d06ea3
      size: 67613056
  catalog_bibcnrs:
    cmd: uv run python scripts/catalog_bibcnrs.py
    deps:
    - path: data/exports
      hash: md5
      md5: e4ee27a6fea54a81bf590ee04a1c12ae.dir
      size: 154608
      nfiles: 5
    - path: scripts/catalog_bibcnrs.py
      hash: md5
      md5: c70d9f0c0e57d0ffa15482ef37993792
      size: 6262
    - path: scripts/pipeline_io.py
      hash: md5
      md5: 84b01ca9f4c570ae0aca643426076e86
      size: 15806
    - path: scripts/pipeline_loaders.py
      hash: md5
      md5: c509efa7425e8ff4b2a71e2360f98b91
      size: 13386
    - path: scripts/pipeline_progress.py
      hash: md5
      md5: 61935c8f5f520a000db7cf18156f3087
      size: 9912
    - path: scripts/pipeline_text.py
      hash: md5
      md5: ff0e26cf61bd259855756b9d5fa3a3d9
      size: 8254
    - path: scripts/utils.py
      hash: md5
      md5: b592c156a27cdf6883a4ef76b4bfe9f8
      size: 5326
    outs:
    - path: data/catalogs/bibcnrs_works.csv
      hash: md5
      md5: 6554776833bfd8ca589a0e71ec6cffd5
      size: 53677
  catalog_teaching:
    cmd: uv run python scripts/build_teaching_yaml.py && uv run python 
      scripts/build_teaching_canon.py
    deps:
    - path: data/syllabi
      hash: md5
      md5: 6343e4480efd65a379680febee2de81d.dir
      size: 280175599
      nfiles: 154
    - path: scripts/build_teaching_canon.py
      hash: md5
      md5: 6651f2958db8e3568353d799acfcd9e6
      size: 3635
    - path: scripts/build_teaching_yaml.py
      hash: md5
      md5: 64df087a8cb18fb9624247767e7729d9
      size: 16293
    - path: scripts/pipeline_io.py
      hash: md5
      md5: 84b01ca9f4c570ae0aca643426076e86
      size: 15806
    - path: scripts/pipeline_loaders.py
      hash: md5
      md5: c509efa7425e8ff4b2a71e2360f98b91
      size: 13386
    - path: scripts/pipeline_progress.py
      hash: md5
      md5: 61935c8f5f520a000db7cf18156f3087
      size: 9912
    - path: scripts/pipeline_text.py
      hash: md5
      md5: ff0e26cf61bd259855756b9d5fa3a3d9
      size: 8254
    - path: scripts/utils.py
      hash: md5
      md5: b592c156a27cdf6883a4ef76b4bfe9f8
      size: 5326
    outs:
    - path: data/catalogs/teaching_works.csv
      hash: md5
      md5: e3adf504c47e9fe10fd601c6328efe64
      size: 68391
  catalog_istex:
    cmd: uv run python scripts/catalog_istex.py --api
    deps:
    - path: config/corpus_collect.yaml
      hash: md5
      md5: f9a1ff8c31bff827dcbf3a4b7471c2db
      size: 848
    - path: data/pool/istex
      hash: md5
      md5: 39c0b3612e4d91f3998a2777efcf3077.dir
      size: 3381406
      nfiles: 1
    - path: scripts/catalog_istex.py
      hash: md5
      md5: f4e54d35522d63490fd736a7a91a7b87
      size: 8932
    - path: scripts/pipeline_io.py
      hash: md5
      md5: 84b01ca9f4c570ae0aca643426076e86
      size: 15806
    - path: scripts/pipeline_loaders.py
      hash: md5
      md5: c509efa7425e8ff4b2a71e2360f98b91
      size: 13386
    - path: scripts/pipeline_progress.py
      hash: md5
      md5: 61935c8f5f520a000db7cf18156f3087
      size: 9912
    - path: scripts/pipeline_text.py
      hash: md5
      md5: ff0e26cf61bd259855756b9d5fa3a3d9
      size: 8254
    - path: scripts/utils.py
      hash: md5
      md5: b592c156a27cdf6883a4ef76b4bfe9f8
      size: 5326
    outs:
    - path: data/catalogs/istex_refs.csv
      hash: md5
      md5: 192b0a20602d05038c97707501911453
      size: 16203896
    - path: data/catalogs/istex_works.csv
      hash: md5
      md5: 5ef315ccb2f5e433683421c95f0ba3df
      size: 1659302
  catalog_openalex:
    cmd: uv run python scripts/catalog_openalex.py --resume
    deps:
    - path: config/corpus_collect.yaml
      hash: md5
      md5: f9a1ff8c31bff827dcbf3a4b7471c2db
      size: 848
    - path: config/openalex_queries.yaml
      hash: md5
      md5: 4af44e7be58bd50103e5c8caf7bf65fe
      size: 4690
    - path: data/pool/openalex
      hash: md5
      md5: 04a11186f500659266bbb4ef17b1744e.dir
      size: 83014170
      nfiles: 49
    - path: scripts/catalog_openalex.py
      hash: md5
      md5: 9489300dcb120581b24fb549981d9f84
      size: 22095
    - path: scripts/pipeline_io.py
      hash: md5
      md5: 84b01ca9f4c570ae0aca643426076e86
      size: 15806
    - path: scripts/pipeline_loaders.py
      hash: md5
      md5: c509efa7425e8ff4b2a71e2360f98b91
      size: 13386
    - path: scripts/pipeline_progress.py
      hash: md5
      md5: 61935c8f5f520a000db7cf18156f3087
      size: 9912
    - path: scripts/pipeline_text.py
      hash: md5
      md5: ff0e26cf61bd259855756b9d5fa3a3d9
      size: 8254
    - path: scripts/utils.py
      hash: md5
      md5: b592c156a27cdf6883a4ef76b4bfe9f8
      size: 5326
    outs:
    - path: data/catalogs/openalex_citations.csv
      hash: md5
      md5: deaf45c830fbb4bfe65292663b378b8b
      size: 51497696
    - path: data/catalogs/openalex_works.csv
      hash: md5
      md5: 0fa29aa8aae593ab0d797a363afef0fb
      size: 78397849
  catalog_grey:
    cmd: uv run python scripts/catalog_grey.py
    deps:
    - path: config/corpus_collect.yaml
      hash: md5
      md5: f9a1ff8c31bff827dcbf3a4b7471c2db
      size: 848
    - path: config/grey_sources.yaml
      hash: md5
      md5: 393a35715ea920e54fd25500987a9642
      size: 3086
    - path: scripts/catalog_grey.py
      hash: md5
      md5: af89ed9af3fad5dfe95cd8c19f0d5101
      size: 9378
    - path: scripts/pipeline_io.py
      hash: md5
      md5: 84b01ca9f4c570ae0aca643426076e86
      size: 15806
    - path: scripts/pipeline_loaders.py
      hash: md5
      md5: c509efa7425e8ff4b2a71e2360f98b91
      size: 13386
    - path: scripts/pipeline_progress.py
      hash: md5
      md5: 61935c8f5f520a000db7cf18156f3087
      size: 9912
    - path: scripts/pipeline_text.py
      hash: md5
      md5: ff0e26cf61bd259855756b9d5fa3a3d9
      size: 8254
    - path: scripts/utils.py
      hash: md5
      md5: b592c156a27cdf6883a4ef76b4bfe9f8
      size: 5326
    outs:
    - path: data/catalogs/grey_works.csv
      hash: md5
      md5: cc0ef892fecd5638583c94e815469b63
      size: 806192
  catalog_merge:
    cmd: uv run python scripts/catalog_merge.py
    deps:
    - path: data/catalogs/bibcnrs_works.csv
      hash: md5
      md5: 6554776833bfd8ca589a0e71ec6cffd5
      size: 53677
    - path: data/catalogs/grey_works.csv
      hash: md5
      md5: cc0ef892fecd5638583c94e815469b63
      size: 806192
    - path: data/catalogs/istex_works.csv
      hash: md5
      md5: 5ef315ccb2f5e433683421c95f0ba3df
      size: 1659302
    - path: data/catalogs/openalex_works.csv
      hash: md5
      md5: 0fa29aa8aae593ab0d797a363afef0fb
      size: 78397849
    - path: data/catalogs/scispace_works.csv
      hash: md5
      md5: 21be3cfd3e0947eb03385134f1826e14
      size: 1060524
    - path: data/catalogs/teaching_works.csv
      hash: md5
      md5: e3adf504c47e9fe10fd601c6328efe64
      size: 68391
    - path: scripts/catalog_merge.py
      hash: md5
      md5: 113e539df0fc97b92e1a0b30cbb884eb
      size: 7094
    - path: scripts/pipeline_io.py
      hash: md5
      md5: 84b01ca9f4c570ae0aca643426076e86
      size: 15806
    - path: scripts/pipeline_loaders.py
      hash: md5
      md5: c509efa7425e8ff4b2a71e2360f98b91
      size: 13386
    - path: scripts/pipeline_progress.py
      hash: md5
      md5: 61935c8f5f520a000db7cf18156f3087
      size: 9912
    - path: scripts/pipeline_text.py
      hash: md5
      md5: ff0e26cf61bd259855756b9d5fa3a3d9
      size: 8254
    - path: scripts/utils.py
      hash: md5
      md5: b592c156a27cdf6883a4ef76b4bfe9f8
      size: 5326
    outs:
    - path: data/catalogs/unified_works.csv
      hash: md5
      md5: 7ceeed51d214a0962f64750c0c33265c
      size: 81200889
  enrich_works:
    cmd: uv run python scripts/enrich_dois.py --works-input 
      data/catalogs/unified_works.csv --works-output 
      data/catalogs/enriched_works.csv && uv run python 
      scripts/enrich_abstracts.py --works-input data/catalogs/enriched_works.csv
      && uv run python scripts/enrich_language.py --works-input 
      data/catalogs/enriched_works.csv && uv run python 
      scripts/summarize_abstracts.py --works-input 
      data/catalogs/enriched_works.csv
    deps:
    - path: data/catalogs/unified_works.csv
      hash: md5
      md5: 7ceeed51d214a0962f64750c0c33265c
      size: 81200889
    - path: scripts/enrich_abstracts.py
      hash: md5
      md5: 6030389090ae3c01b20c8783da952b77
      size: 20916
    - path: scripts/enrich_dois.py
      hash: md5
      md5: 9817a911bd77b7c6771cd3f6c0a00cbe
      size: 10475
    - path: scripts/enrich_language.py
      hash: md5
      md5: 5d63983b72e701f5a32a0b74ce902822
      size: 13249
    - path: scripts/pipeline_io.py
      hash: md5
      md5: 84b01ca9f4c570ae0aca643426076e86
      size: 15806
    - path: scripts/pipeline_loaders.py
      hash: md5
      md5: c509efa7425e8ff4b2a71e2360f98b91
      size: 13386
    - path: scripts/pipeline_progress.py
      hash: md5
      md5: 61935c8f5f520a000db7cf18156f3087
      size: 9912
    - path: scripts/pipeline_text.py
      hash: md5
      md5: ff0e26cf61bd259855756b9d5fa3a3d9
      size: 8254
    - path: scripts/summarize_abstracts.py
      hash: md5
      md5: 7906d76981f5b114161151d796c74546
      size: 9450
    - path: scripts/utils.py
      hash: md5
      md5: b592c156a27cdf6883a4ef76b4bfe9f8
      size: 5326
    outs:
    - path: data/catalogs/enriched_works.csv
      hash: md5
      md5: cd5e32d04e5334e82953041293bbc930
      size: 81172660
  enrich_citations:
    cmd: uv run python scripts/enrich_citations_batch.py --works-input 
      data/catalogs/enriched_works.csv & p1=$!; uv run python 
      scripts/enrich_citations_openalex.py --works-input 
      data/catalogs/enriched_works.csv & p2=$!; wait $p1 && wait $p2 && uv run 
      python scripts/merge_citations.py
    deps:
    - path: data/catalogs/enriched_works.csv
      hash: md5
      md5: cd5e32d04e5334e82953041293bbc930
      size: 81172660
    - path: scripts/enrich_citations_batch.py
      hash: md5
      md5: 119f8d0534411665cb4ce9b466c350a5
      size: 9852
    - path: scripts/enrich_citations_openalex.py
      hash: md5
      md5: a626b821b699a212ed6eb204df852a98
      size: 15409
    - path: scripts/merge_citations.py
      hash: md5
      md5: c30edf9f1da28b5bb147d13959cbd022
      size: 5017
    - path: scripts/pipeline_io.py
      hash: md5
      md5: 84b01ca9f4c570ae0aca643426076e86
      size: 15806
    - path: scripts/pipeline_loaders.py
      hash: md5
      md5: c509efa7425e8ff4b2a71e2360f98b91
      size: 13386
    - path: scripts/pipeline_progress.py
      hash: md5
      md5: 61935c8f5f520a000db7cf18156f3087
      size: 9912
    - path: scripts/pipeline_text.py
      hash: md5
      md5: ff0e26cf61bd259855756b9d5fa3a3d9
      size: 8254
    - path: scripts/utils.py
      hash: md5
      md5: b592c156a27cdf6883a4ef76b4bfe9f8
      size: 5326
    outs:
    - path: data/catalogs/citations.csv
      hash: md5
      md5: 60523a4fd7eda3aca54541723a048b9f
      size: 367462474
  qc_citations:
    cmd: uv run python scripts/qc_citations.py --works-input 
      data/catalogs/enriched_works.csv
    deps:
    - path: data/catalogs/citations.csv
      hash: md5
      md5: 76fc749c6d68943ed0ff472c10b94c13
      size: 297736901
    - path: data/catalogs/enriched_works.csv
      hash: md5
      md5: 3d5dce71cedc43122f3da47e4783330b
      size: 80494601
    - path: scripts/qc_citations.py
      hash: md5
      md5: 4e9e00fc222aa0f3bc3e6e58891c5a5f
      size: 10036
    - path: scripts/utils.py
      hash: md5
      md5: 2b21de642c558116e90c1fdc19bb205a
      size: 25696
  enrich_embeddings:
    cmd: uv run python scripts/enrich_embeddings.py --works-input 
      data/catalogs/enriched_works.csv
    deps:
    - path: data/catalogs/enriched_works.csv
      hash: md5
      md5: 290fa20a48c6a942ebea8d73228308c5
      size: 80980579
    - path: scripts/enrich_embeddings.py
      hash: md5
      md5: 45cd3e176d543a310e9073d3909c548a
      size: 9470
    - path: scripts/pipeline_io.py
      hash: md5
      md5: e63543ba0f183f805081a6c97df3e1ae
      size: 16788
    - path: scripts/pipeline_loaders.py
      hash: md5
      md5: b527ae1b0ed524615b215f7b26035329
      size: 14120
    - path: scripts/pipeline_progress.py
      hash: md5
      md5: f72111bce6dc8b97f918f7c976c6e012
      size: 10283
    - path: scripts/pipeline_text.py
      hash: md5
      md5: aa37b4857bc11535a71e3e664bc56dc0
      size: 10480
    - path: scripts/utils.py
      hash: md5
      md5: 0d1955dc7d7113704407ca24c4926504
      size: 5191
    outs:
    - path: data/catalogs/embeddings.npz
      hash: md5
      md5: 984378dde1ce71775e076ed209e55def
      size: 93113811
  qa_citations:
    cmd: uv run python scripts/qa_citations.py --works-input 
      data/catalogs/enriched_works.csv
    deps:
    - path: data/catalogs/citations.csv
      hash: md5
      md5: 424e517bde64b3fa624f58f53fbdd58b
      size: 386096856
    - path: data/catalogs/enriched_works.csv
      hash: md5
      md5: 290fa20a48c6a942ebea8d73228308c5
      size: 80980579
    - path: scripts/pipeline_io.py
      hash: md5
      md5: e63543ba0f183f805081a6c97df3e1ae
      size: 16788
    - path: scripts/pipeline_loaders.py
      hash: md5
      md5: b527ae1b0ed524615b215f7b26035329
      size: 14120
    - path: scripts/pipeline_progress.py
      hash: md5
      md5: f72111bce6dc8b97f918f7c976c6e012
      size: 10283
    - path: scripts/pipeline_text.py
      hash: md5
      md5: aa37b4857bc11535a71e3e664bc56dc0
      size: 10480
    - path: scripts/qa_citations.py
      hash: md5
      md5: 0ee2e249b2da48ed37697ae913d79992
      size: 11979
    - path: scripts/utils.py
      hash: md5
      md5: 0d1955dc7d7113704407ca24c4926504
      size: 5191
